
Microsoft Visual Studio Solution File, Format Version 12.00
# Visual Studio Version 17
VisualStudioVersion = 17.12.35707.178
MinimumVisualStudioVersion = 10.0.40219.1
Project("{FAE04EC0-301F-11D3-BF4B-00C04F79EFBC}") = "ComedorEstudiantil.Application", "ComedorEstudiantil.Application\ComedorEstudiantil.Application.csproj", "{3C5D024C-6B16-4A2C-BC02-94A38DC7566F}"
EndProject
Project("{FAE04EC0-301F-11D3-BF4B-00C04F79EFBC}") = "ComedorEstudiantil.Infraestructure", "ComedorEstudiantil.Infraestructure\ComedorEstudiantil.Infraestructure.csproj", "{0B2F87C8-0250-4499-9452-D5D647943576}"
EndProject
Project("{2150E333-8FDC-42A3-9474-1A3956D46DE8}") = "Solution Items", "Solution Items", "{D624B31A-1E45-4ABA-8D51-86486335546C}"
	ProjectSection(SolutionItems) = preProject
		global.json = global.json
	EndProjectSection
EndProject
Project("{FAE04EC0-301F-11D3-BF4B-00C04F79EFBC}") = "ComedorEstudiantil.Web", "ComedorEstudiantil.Web\ComedorEstudiantil.Web.csproj", "{013B556F-A387-4339-B675-86B78B78EFBF}"
EndProject
Global
	GlobalSection(SolutionConfigurationPlatforms) = preSolution
		Debug|Any CPU = Debug|Any CPU
		Release|Any CPU = Release|Any CPU
	EndGlobalSection
	GlobalSection(ProjectConfigurationPlatforms) = postSolution
		{3C5D024C-6B16-4A2C-BC02-94A38DC7566F}.Debug|Any CPU.ActiveCfg = Debug|Any CPU
		{3C5D024C-6B16-4A2C-BC02-94A38DC7566F}.Debug|Any CPU.Build.0 = Debug|Any CPU
		{3C5D024C-6B16-4A2C-BC02-94A38DC7566F}.Release|Any CPU.ActiveCfg = Release|Any CPU
		{3C5D024C-6B16-4A2C-BC02-94A38DC7566F}.Release|Any CPU.Build.0 = Release|Any CPU
		{0B2F87C8-0250-4499-9452-D5D647943576}.Debug|Any CPU.ActiveCfg = Debug|Any CPU
		{0B2F87C8-0250-4499-9452-D5D647943576}.Debug|Any CPU.Build.0 = Debug|Any CPU
		{0B2F87C8-0250-4499-9452-D5D647943576}.Release|Any CPU.ActiveCfg = Release|Any CPU
		{0B2F87C8-0250-4499-9452-D5D647943576}.Release|Any CPU.Build.0 = Release|Any CPU
		{013B556F-A387-4339-B675-86B78B78EFBF}.Debug|Any CPU.ActiveCfg = Debug|Any CPU
		{013B556F-A387-4339-B675-86B78B78EFBF}.Debug|Any CPU.Build.0 = Debug|Any CPU
		{013B556F-A387-4339-B675-86B78B78EFBF}.Release|Any CPU.ActiveCfg = Release|Any CPU
		{013B556F-A387-4339-B675-86B78B78EFBF}.Release|Any CPU.Build.0 = Release|Any CPU
	EndGlobalSection
	GlobalSection(SolutionProperties) = preSolution
		HideSolutionNode = FALSE
	EndGlobalSection
EndGlobal
